
Microsoft Visual Studio Solution File, Format Version 11.00
# Visual Studio 2010
Project("{FAE04EC0-301F-11D3-BF4B-00C04F79EFBC}") = "Assembly-CSharp-Editor", "Assembly-CSharp-Editor.csproj", "{b835e8d8-67d2-fdc1-9429-f005c7ced50e}"
EndProject
Project("{FAE04EC0-301F-11D3-BF4B-00C04F79EFBC}") = "Assembly-CSharp-firstpass", "Assembly-CSharp-firstpass.csproj", "{80e7ee20-30d4-a6ce-58bf-0facaebc606a}"
EndProject
Project("{FAE04EC0-301F-11D3-BF4B-00C04F79EFBC}") = "Assembly-CSharp", "Assembly-CSharp.csproj", "{32620d2f-c5cd-322c-69ef-5cbc98687e75}"
EndProject
Project("{FAE04EC0-301F-11D3-BF4B-00C04F79EFBC}") = "Assembly-CSharp-Editor-firstpass", "Assembly-CSharp-Editor-firstpass.csproj", "{a9dcfee4-1fac-a975-f633-dc0cd5b9ca64}"
EndProject
Project("{FAE04EC0-301F-11D3-BF4B-00C04F79EFBC}") = "GameCreator.Update", "GameCreator.Update.csproj", "{d0d04764-0179-3563-a7ec-fdb5f2df3705}"
EndProject
Project("{FAE04EC0-301F-11D3-BF4B-00C04F79EFBC}") = "Unity.XR.Interaction.Toolkit.Samples.StarterAssets", "Unity.XR.Interaction.Toolkit.Samples.StarterAssets.csproj", "{813ad08d-01c1-a221-f718-383f0c304582}"
EndProject
Project("{FAE04EC0-301F-11D3-BF4B-00C04F79EFBC}") = "Unity.XR.Interaction.Toolkit.Samples.DeviceSimulator", "Unity.XR.Interaction.Toolkit.Samples.DeviceSimulator.csproj", "{fed4e017-7e8f-aa66-fd2e-eb32c0e92c04}"
EndProject
Project("{FAE04EC0-301F-11D3-BF4B-00C04F79EFBC}") = "Unity.XR.Interaction.Toolkit.Samples.StarterAssets.Editor", "Unity.XR.Interaction.Toolkit.Samples.StarterAssets.Editor.csproj", "{fcd7faaf-7e14-b212-afc0-25e22f0905c6}"
EndProject
Global
	GlobalSection(SolutionConfigurationPlatforms) = preSolution
		Debug|Any CPU = Debug|Any CPU
	EndGlobalSection
	GlobalSection(ProjectConfigurationPlatforms) = postSolution
		{b835e8d8-67d2-fdc1-9429-f005c7ced50e}.Debug|Any CPU.ActiveCfg = Debug|Any CPU
		{b835e8d8-67d2-fdc1-9429-f005c7ced50e}.Debug|Any CPU.Build.0 = Debug|Any CPU
		{80e7ee20-30d4-a6ce-58bf-0facaebc606a}.Debug|Any CPU.ActiveCfg = Debug|Any CPU
		{80e7ee20-30d4-a6ce-58bf-0facaebc606a}.Debug|Any CPU.Build.0 = Debug|Any CPU
		{32620d2f-c5cd-322c-69ef-5cbc98687e75}.Debug|Any CPU.ActiveCfg = Debug|Any CPU
		{32620d2f-c5cd-322c-69ef-5cbc98687e75}.Debug|Any CPU.Build.0 = Debug|Any CPU
		{a9dcfee4-1fac-a975-f633-dc0cd5b9ca64}.Debug|Any CPU.ActiveCfg = Debug|Any CPU
		{a9dcfee4-1fac-a975-f633-dc0cd5b9ca64}.Debug|Any CPU.Build.0 = Debug|Any CPU
		{d0d04764-0179-3563-a7ec-fdb5f2df3705}.Debug|Any CPU.ActiveCfg = Debug|Any CPU
		{d0d04764-0179-3563-a7ec-fdb5f2df3705}.Debug|Any CPU.Build.0 = Debug|Any CPU
		{813ad08d-01c1-a221-f718-383f0c304582}.Debug|Any CPU.ActiveCfg = Debug|Any CPU
		{813ad08d-01c1-a221-f718-383f0c304582}.Debug|Any CPU.Build.0 = Debug|Any CPU
		{fed4e017-7e8f-aa66-fd2e-eb32c0e92c04}.Debug|Any CPU.ActiveCfg = Debug|Any CPU
		{fed4e017-7e8f-aa66-fd2e-eb32c0e92c04}.Debug|Any CPU.Build.0 = Debug|Any CPU
		{fcd7faaf-7e14-b212-afc0-25e22f0905c6}.Debug|Any CPU.ActiveCfg = Debug|Any CPU
		{fcd7faaf-7e14-b212-afc0-25e22f0905c6}.Debug|Any CPU.Build.0 = Debug|Any CPU
	EndGlobalSection
	GlobalSection(SolutionProperties) = preSolution
		HideSolutionNode = FALSE
	EndGlobalSection
EndGlobal
